PODS:
  - Bugly (2.5.0)
  - connectivity (0.0.1):
    - Flutter
    - Reachability
  - device_info (0.0.1):
    - Flutter
  - Flutter (1.0.0)
  - flutter_bugly (0.0.1):
    - Bugly
    - Flutter
  - flutter_local_notifications (0.0.1):
    - Flutter
  - image_picker (0.0.1):
    - Flutter
  - open_file (0.0.1):
    - Flutter
  - path_provider (0.0.1):
    - Flutter
  - Reachability (3.2)
  - shared_preferences (0.0.1):
    - Flutter
  - url_launcher (0.0.1):
    - Flutter
  - video_player (0.0.1):
    - Flutter

DEPENDENCIES:
  - connectivity (from `.symlinks/plugins/connectivity/ios`)
  - device_info (from `.symlinks/plugins/device_info/ios`)
  - Flutter (from `.symlinks/flutter/ios`)
  - flutter_bugly (from `.symlinks/plugins/flutter_bugly/ios`)
  - flutter_local_notifications (from `.symlinks/plugins/flutter_local_notifications/ios`)
  - image_picker (from `.symlinks/plugins/image_picker/ios`)
  - open_file (from `.symlinks/plugins/open_file/ios`)
  - path_provider (from `.symlinks/plugins/path_provider/ios`)
  - shared_preferences (from `.symlinks/plugins/shared_preferences/ios`)
  - url_launcher (from `.symlinks/plugins/url_launcher/ios`)
  - video_player (from `.symlinks/plugins/video_player/ios`)

SPEC REPOS:
  https://github.com/cocoapods/specs.git:
    - Bugly
    - Reachability

EXTERNAL SOURCES:
  connectivity:
    :path: ".symlinks/plugins/connectivity/ios"
  device_info:
    :path: ".symlinks/plugins/device_info/ios"
  Flutter:
    :path: ".symlinks/flutter/ios"
  flutter_bugly:
    :path: ".symlinks/plugins/flutter_bugly/ios"
  flutter_local_notifications:
    :path: ".symlinks/plugins/flutter_local_notifications/ios"
  image_picker:
    :path: ".symlinks/plugins/image_picker/ios"
  open_file:
    :path: ".symlinks/plugins/open_file/ios"
  path_provider:
    :path: ".symlinks/plugins/path_provider/ios"
  shared_preferences:
    :path: ".symlinks/plugins/shared_preferences/ios"
  url_launcher:
    :path: ".symlinks/plugins/url_launcher/ios"
  video_player:
    :path: ".symlinks/plugins/video_player/ios"

SPEC CHECKSUMS:
  Bugly: 3ca9f255c01025582df26f9222893b383c7e4b4e
  connectivity: d5992e3758d68b1c4b12d6e012fe0813f1aa1645
  device_info: 76ce0b32e13034d1883be4a382433648f9dcee63
  Flutter: 9d0fac939486c9aba2809b7982dfdbb47a7b0296
  flutter_bugly: 11d0afbf954e3789ab9c3df0be6729998f8f049f
  flutter_local_notifications: 696a74904e0a0ab754e27a5f761da4a7f9153710
  image_picker: ee00aab0487cedc80a304085219503cc6d0f2e22
  open_file: 40d524de730775bb4edb021fa137cc1d2fa13f1c
  path_provider: 09407919825bfe3c2deae39453b7a5b44f467873
  Reachability: 33e18b67625424e47b6cde6d202dce689ad7af96
  shared_preferences: 5a1d487c427ee18fcd3ea1f2a131569481834b53
  url_launcher: 92b89c1029a0373879933c21642958c874539095
  video_player: 906796a841943c8d370ac7c13b18039aa9b56498

PODFILE CHECKSUM: 1e5af4103afd21ca5ead147d7b81d06f494f51a2

COCOAPODS: 1.6.0.beta.1
